
Microsoft Visual Studio Solution File, Format Version 12.00
# Visual Studio 15
VisualStudioVersion = 15.0.28010.2016
MinimumVisualStudioVersion = 10.0.40219.1
Project("{FAE04EC0-301F-11D3-BF4B-00C04F79EFBC}") = "Identity", "Identity\Identity.csproj", "{22DCF5E5-5514-4B22-961D-B5BE4421663C}"
EndProject
Project("{FAE04EC0-301F-11D3-BF4B-00C04F79EFBC}") = "Identity.Tests", "Identity.Tests\Identity.Tests.csproj", "{6702B2D1-9170-4DC1-8E67-55D4BA179D2E}"
EndProject
Global
	GlobalSection(SolutionConfigurationPlatforms) = preSolution
		Debug|Any CPU = Debug|Any CPU
		Release|Any CPU = Release|Any CPU
	EndGlobalSection
	GlobalSection(ProjectConfigurationPlatforms) = postSolution
		{22DCF5E5-5514-4B22-961D-B5BE4421663C}.Debug|Any CPU.ActiveCfg = Debug|Any CPU
		{22DCF5E5-5514-4B22-961D-B5BE4421663C}.Debug|Any CPU.Build.0 = Debug|Any CPU
		{22DCF5E5-5514-4B22-961D-B5BE4421663C}.Release|Any CPU.ActiveCfg = Release|Any CPU
		{22DCF5E5-5514-4B22-961D-B5BE4421663C}.Release|Any CPU.Build.0 = Release|Any CPU
		{6702B2D1-9170-4DC1-8E67-55D4BA179D2E}.Debug|Any CPU.ActiveCfg = Debug|Any CPU
		{6702B2D1-9170-4DC1-8E67-55D4BA179D2E}.Debug|Any CPU.Build.0 = Debug|Any CPU
		{6702B2D1-9170-4DC1-8E67-55D4BA179D2E}.Release|Any CPU.ActiveCfg = Release|Any CPU
		{6702B2D1-9170-4DC1-8E67-55D4BA179D2E}.Release|Any CPU.Build.0 = Release|Any CPU
	EndGlobalSection
	GlobalSection(SolutionProperties) = preSolution
		HideSolutionNode = FALSE
	EndGlobalSection
	GlobalSection(ExtensibilityGlobals) = postSolution
		SolutionGuid = {D53ACEC8-8F0C-45D1-87B3-D4CA30751481}
	EndGlobalSection
EndGlobal
